
Microsoft Visual Studio Solution File, Format Version 12.00
# Visual Studio 15
VisualStudioVersion = 15.0.28010.2026
MinimumVisualStudioVersion = 10.0.40219.1
Project("{FAE04EC0-301F-11D3-BF4B-00C04F79EFBC}") = "BranchTree", "BranchTree\BranchTree.csproj", "{B2FB5E75-B12C-412D-825F-0EE532BB8055}"
EndProject
Global
	GlobalSection(SolutionConfigurationPlatforms) = preSolution
		Debug|Any CPU = Debug|Any CPU
		Release|Any CPU = Release|Any CPU
	EndGlobalSection
	GlobalSection(ProjectConfigurationPlatforms) = postSolution
		{B2FB5E75-B12C-412D-825F-0EE532BB8055}.Debug|Any CPU.ActiveCfg = Debug|Any CPU
		{B2FB5E75-B12C-412D-825F-0EE532BB8055}.Debug|Any CPU.Build.0 = Debug|Any CPU
		{B2FB5E75-B12C-412D-825F-0EE532BB8055}.Release|Any CPU.ActiveCfg = Release|Any CPU
		{B2FB5E75-B12C-412D-825F-0EE532BB8055}.Release|Any CPU.Build.0 = Release|Any CPU
	EndGlobalSection
	GlobalSection(SolutionProperties) = preSolution
		HideSolutionNode = FALSE
	EndGlobalSection
	GlobalSection(ExtensibilityGlobals) = postSolution
		SolutionGuid = {87D4C6E9-94A6-4465-9967-54891FA944AA}
	EndGlobalSection
EndGlobal
